<?xml version="1.0" encoding="utf-8"?>
<Project ToolsVersion="4.0" xmlns="http://schemas.microsoft.com/developer/msbuild/2003">
  <ItemGroup>
    <Filter Include="소스 파일">
      <UniqueIdentifier>{4FC737F1-C7A5-4376-A066-2A32D752A2FF}</UniqueIdentifier>
      <Extensions>cpp;c;cc;cxx;c++;cppm;ixx;def;odl;idl;hpj;bat;asm;asmx</Extensions>
    </Filter>
    <Filter Include="헤더 파일">
      <UniqueIdentifier>{93995380-89BD-4b04-88EB-625FBE52EBFB}</UniqueIdentifier>
      <Extensions>h;hh;hpp;hxx;h++;hm;inl;inc;ipp;xsd</Extensions>
    </Filter>
    <Filter Include="리소스 파일">
      <UniqueIdentifier>{67DA6AB6-F800-4c08-8B7A-83BB121AAD01}</UniqueIdentifier>
      <Extensions>rc;ico;cur;bmp;dlg;rc2;rct;bin;rgs;gif;jpg;jpeg;jpe;resx;tiff;tif;png;wav;mfcribbon-ms</Extensions>
    </Filter>
    <Filter Include="소스 파일\SatisfactoryElements">
      <UniqueIdentifier>{fda759f9-3358-41f7-babf-d88aa3580a12}</UniqueIdentifier>
    </Filter>
    <Filter Include="헤더 파일\SatisfactoryElements">
      <UniqueIdentifier>{63b2fd45-74b6-4019-b652-07e5e5a60015}</UniqueIdentifier>
    </Filter>
    <Filter Include="헤더 파일\Resources">
      <UniqueIdentifier>{543d6370-c27c-4f3f-b682-ccd23d4b8c1b}</UniqueIdentifier>
    </Filter>
    <Filter Include="소스 파일\Resources">
      <UniqueIdentifier>{4e6553cf-dbe1-4318-972c-18148d40c77f}</UniqueIdentifier>
    </Filter>
    <Filter Include="리소스 파일\Items">
      <UniqueIdentifier>{3254be75-f8b7-4ff3-a968-059155ec3a15}</UniqueIdentifier>
    </Filter>
    <Filter Include="리소스 파일\Items\Ores">
      <UniqueIdentifier>{4774db91-78f4-40cb-96c3-d5e552be1021}</UniqueIdentifier>
    </Filter>
    <Filter Include="헤더 파일\Client">
      <UniqueIdentifier>{921992fc-8bae-4551-83c1-247e2a75d1d0}</UniqueIdentifier>
    </Filter>
    <Filter Include="소스 파일\Client">
      <UniqueIdentifier>{f1580a49-caae-49ec-8b80-866c124e2bef}</UniqueIdentifier>
    </Filter>
  </ItemGroup>
  <ItemGroup>
    <ClCompile Include="Item.Cxx">
      <Filter>소스 파일\SatisfactoryElements</Filter>
    </ClCompile>
    <ClCompile Include="Building.Cxx">
      <Filter>소스 파일\SatisfactoryElements</Filter>
    </ClCompile>
    <ClCompile Include="Recipe.Cxx">
      <Filter>소스 파일\SatisfactoryElements</Filter>
    </ClCompile>
    <ClCompile Include="ResourceManager.Cxx">
      <Filter>소스 파일\Resources</Filter>
    </ClCompile>
    <ClCompile Include="Index.Cxx">
      <Filter>소스 파일</Filter>
    </ClCompile>
    <ClCompile Include="WindowBase.Cxx">
      <Filter>소스 파일\Client</Filter>
    </ClCompile>
    <ClCompile Include="ClientTime.Cxx">
      <Filter>소스 파일\Client</Filter>
    </ClCompile>
    <ClCompile Include="SceneBase.cpp">
      <Filter>소스 파일</Filter>
    </ClCompile>
  </ItemGroup>
  <ItemGroup>
    <ClInclude Include="Building.Hxx">
      <Filter>헤더 파일\SatisfactoryElements</Filter>
    </ClInclude>
    <ClInclude Include="Item.Hxx">
      <Filter>헤더 파일\SatisfactoryElements</Filter>
    </ClInclude>
    <ClInclude Include="Recipe.Hxx">
      <Filter>헤더 파일\SatisfactoryElements</Filter>
    </ClInclude>
    <ClInclude Include="ResourceManager.Hxx">
      <Filter>헤더 파일\Resources</Filter>
    </ClInclude>
    <ClInclude Include="WindowBase.Hxx">
      <Filter>헤더 파일\Client</Filter>
    </ClInclude>
    <ClInclude Include="ClientTime.Hxx">
      <Filter>헤더 파일\Client</Filter>
    </ClInclude>
    <ClInclude Include="UpdatingDrawable.Hxx">
      <Filter>헤더 파일\Client</Filter>
    </ClInclude>
  </ItemGroup>
  <ItemGroup>
    <Image Include="res\Textures\Items\Bauxite.png">
      <Filter>리소스 파일\Items\Ores</Filter>
    </Image>
    <Image Include="res\Textures\Items\CateriumOre.png">
      <Filter>리소스 파일\Items\Ores</Filter>
    </Image>
    <Image Include="res\Textures\Items\Coal.png">
      <Filter>리소스 파일\Items\Ores</Filter>
    </Image>
    <Image Include="res\Textures\Items\CopperOre.png">
      <Filter>리소스 파일\Items\Ores</Filter>
    </Image>
    <Image Include="res\Textures\Items\IronOre.png">
      <Filter>리소스 파일\Items\Ores</Filter>
    </Image>
    <Image Include="res\Textures\Items\Limestone.png">
      <Filter>리소스 파일\Items\Ores</Filter>
    </Image>
    <Image Include="res\Textures\Items\RawQuartz.png">
      <Filter>리소스 파일\Items\Ores</Filter>
    </Image>
    <Image Include="res\Textures\Items\S.A.M. Ore.png">
      <Filter>리소스 파일\Items\Ores</Filter>
    </Image>
    <Image Include="res\Textures\Items\Sulfur.png">
      <Filter>리소스 파일\Items\Ores</Filter>
    </Image>
    <Image Include="res\Textures\Items\Uranium.png">
      <Filter>리소스 파일\Items\Ores</Filter>
    </Image>
  </ItemGroup>
  <ItemGroup>
    <None Include="SceneBase.Hxx">
      <Filter>헤더 파일\Client</Filter>
    </None>
  </ItemGroup>
</Project>